<?xml version="1.0" encoding="UTF-8"?>
<Project ToolsVersion="15.0" xmlns="http://schemas.microsoft.com/developer/msbuild/2003">
  <ItemGroup>
    <ClCompile Include="C:\Users\40168766\Desktop\Astral_Insanity-master\Astral_Insanity-master\src\main.cpp">
      <Filter>Source Files</Filter>
    </ClCompile>
  </ItemGroup>
  <ItemGroup>
    <CustomBuild Include="C:\Users\40168766\Desktop\Astral_Insanity-master\Astral_Insanity-master\CMakeLists.txt" />
  </ItemGroup>
  <ItemGroup>
    <Filter Include="Source Files">
      <UniqueIdentifier>{57CFCCB3-C6B8-3B1E-A535-2ACDE14921E5}</UniqueIdentifier>
    </Filter>
  </ItemGroup>
</Project>
