<?xml version="1.0" encoding="UTF-8"?>
<Project ToolsVersion="15.0" xmlns="http://schemas.microsoft.com/developer/msbuild/2003">
  <ItemGroup>
    <CustomBuild Include="C:\Users\40168766\Desktop\Astral_Insanity-master\Astral_Insanity-master\Advanced-Games-Engineering\CMakeFiles\b0defe19ddd9672b42775854a0c27f97\INSTALL_force.rule">
      <Filter>CMake Rules</Filter>
    </CustomBuild>
  </ItemGroup>
  <ItemGroup>
    <Filter Include="CMake Rules">
      <UniqueIdentifier>{091767F0-C801-3B51-BEF9-12C8927E927B}</UniqueIdentifier>
    </Filter>
  </ItemGroup>
</Project>
