Microsoft Visual Studio Solution File, Format Version 12.00
# Visual Studio 15
Project("{2150E333-8FDC-42A3-9474-1A3956D46DE8}") = "CMake", "CMake", "{1A533682-E53F-32E2-86D4-844705DA35BC}"
EndProject
Project("{2150E333-8FDC-42A3-9474-1A3956D46DE8}") = "SFML", "SFML", "{FAFE2F0C-3541-3554-8DF2-89DDA0ED0103}"
EndProject
Project("{8BC9CEB8-8B4A-11D0-8D11-00A0C91BC942}") = "ALL_BUILD", "ALL_BUILD.vcxproj", "{3B2C4443-C96E-3860-A729-F58326FE0535}"
	ProjectSection(ProjectDependencies) = postProject
		{EBD26D13-E3DD-319C-8E53-894127DA5CF8} = {EBD26D13-E3DD-319C-8E53-894127DA5CF8}
		{DB6462B0-B2B0-34BD-8DF7-A735DE1751E8} = {DB6462B0-B2B0-34BD-8DF7-A735DE1751E8}
		{731C01FB-54EA-3748-8DE8-62C7A1C419F5} = {731C01FB-54EA-3748-8DE8-62C7A1C419F5}
		{BC89FB38-0B05-3498-8AD3-3835E7690870} = {BC89FB38-0B05-3498-8AD3-3835E7690870}
		{5FCC8312-722E-35DE-AE58-9473D1039529} = {5FCC8312-722E-35DE-AE58-9473D1039529}
		{5507DE4F-4E8F-32AF-AE0A-778959E973C8} = {5507DE4F-4E8F-32AF-AE0A-778959E973C8}
		{A4AA32DB-4060-3CF5-9459-F946CBD6A000} = {A4AA32DB-4060-3CF5-9459-F946CBD6A000}
	EndProjectSection
EndProject
Project("{8BC9CEB8-8B4A-11D0-8D11-00A0C91BC942}") = "INSTALL", "INSTALL.vcxproj", "{69345486-495C-3122-B37F-7DAE2520F72C}"
	ProjectSection(ProjectDependencies) = postProject
		{3B2C4443-C96E-3860-A729-F58326FE0535} = {3B2C4443-C96E-3860-A729-F58326FE0535}
		{EBD26D13-E3DD-319C-8E53-894127DA5CF8} = {EBD26D13-E3DD-319C-8E53-894127DA5CF8}
	EndProjectSection
EndProject
Project("{8BC9CEB8-8B4A-11D0-8D11-00A0C91BC942}") = "ZERO_CHECK", "..\\ZERO_CHECK.vcxproj", "{EBD26D13-E3DD-319C-8E53-894127DA5CF8}"
	ProjectSection(ProjectDependencies) = postProject
	EndProjectSection
EndProject
Project("{8BC9CEB8-8B4A-11D0-8D11-00A0C91BC942}") = "sfml-audio", "src\SFML\Audio\sfml-audio.vcxproj", "{DB6462B0-B2B0-34BD-8DF7-A735DE1751E8}"
	ProjectSection(ProjectDependencies) = postProject
		{EBD26D13-E3DD-319C-8E53-894127DA5CF8} = {EBD26D13-E3DD-319C-8E53-894127DA5CF8}
		{5507DE4F-4E8F-32AF-AE0A-778959E973C8} = {5507DE4F-4E8F-32AF-AE0A-778959E973C8}
	EndProjectSection
EndProject
Project("{8BC9CEB8-8B4A-11D0-8D11-00A0C91BC942}") = "sfml-graphics", "src\SFML\Graphics\sfml-graphics.vcxproj", "{731C01FB-54EA-3748-8DE8-62C7A1C419F5}"
	ProjectSection(ProjectDependencies) = postProject
		{EBD26D13-E3DD-319C-8E53-894127DA5CF8} = {EBD26D13-E3DD-319C-8E53-894127DA5CF8}
		{5507DE4F-4E8F-32AF-AE0A-778959E973C8} = {5507DE4F-4E8F-32AF-AE0A-778959E973C8}
		{A4AA32DB-4060-3CF5-9459-F946CBD6A000} = {A4AA32DB-4060-3CF5-9459-F946CBD6A000}
	EndProjectSection
EndProject
Project("{8BC9CEB8-8B4A-11D0-8D11-00A0C91BC942}") = "sfml-main", "src\SFML\Main\sfml-main.vcxproj", "{BC89FB38-0B05-3498-8AD3-3835E7690870}"
	ProjectSection(ProjectDependencies) = postProject
		{EBD26D13-E3DD-319C-8E53-894127DA5CF8} = {EBD26D13-E3DD-319C-8E53-894127DA5CF8}
	EndProjectSection
EndProject
Project("{8BC9CEB8-8B4A-11D0-8D11-00A0C91BC942}") = "sfml-network", "src\SFML\Network\sfml-network.vcxproj", "{5FCC8312-722E-35DE-AE58-9473D1039529}"
	ProjectSection(ProjectDependencies) = postProject
		{EBD26D13-E3DD-319C-8E53-894127DA5CF8} = {EBD26D13-E3DD-319C-8E53-894127DA5CF8}
		{5507DE4F-4E8F-32AF-AE0A-778959E973C8} = {5507DE4F-4E8F-32AF-AE0A-778959E973C8}
	EndProjectSection
EndProject
Project("{8BC9CEB8-8B4A-11D0-8D11-00A0C91BC942}") = "sfml-system", "src\SFML\System\sfml-system.vcxproj", "{5507DE4F-4E8F-32AF-AE0A-778959E973C8}"
	ProjectSection(ProjectDependencies) = postProject
		{EBD26D13-E3DD-319C-8E53-894127DA5CF8} = {EBD26D13-E3DD-319C-8E53-894127DA5CF8}
	EndProjectSection
EndProject
Project("{8BC9CEB8-8B4A-11D0-8D11-00A0C91BC942}") = "sfml-window", "src\SFML\Window\sfml-window.vcxproj", "{A4AA32DB-4060-3CF5-9459-F946CBD6A000}"
	ProjectSection(ProjectDependencies) = postProject
		{EBD26D13-E3DD-319C-8E53-894127DA5CF8} = {EBD26D13-E3DD-319C-8E53-894127DA5CF8}
		{5507DE4F-4E8F-32AF-AE0A-778959E973C8} = {5507DE4F-4E8F-32AF-AE0A-778959E973C8}
	EndProjectSection
EndProject
Global
	GlobalSection(SolutionConfigurationPlatforms) = preSolution
		Debug|x64 = Debug|x64
		Release|x64 = Release|x64
		MinSizeRel|x64 = MinSizeRel|x64
		RelWithDebInfo|x64 = RelWithDebInfo|x64
	EndGlobalSection
	GlobalSection(ProjectConfigurationPlatforms) = postSolution
		{3B2C4443-C96E-3860-A729-F58326FE0535}.Debug|x64.ActiveCfg = Debug|x64
		{3B2C4443-C96E-3860-A729-F58326FE0535}.Debug|x64.Build.0 = Debug|x64
		{3B2C4443-C96E-3860-A729-F58326FE0535}.Release|x64.ActiveCfg = Release|x64
		{3B2C4443-C96E-3860-A729-F58326FE0535}.Release|x64.Build.0 = Release|x64
		{3B2C4443-C96E-3860-A729-F58326FE0535}.MinSizeRel|x64.ActiveCfg = MinSizeRel|x64
		{3B2C4443-C96E-3860-A729-F58326FE0535}.MinSizeRel|x64.Build.0 = MinSizeRel|x64
		{3B2C4443-C96E-3860-A729-F58326FE0535}.RelWithDebInfo|x64.ActiveCfg = RelWithDebInfo|x64
		{3B2C4443-C96E-3860-A729-F58326FE0535}.RelWithDebInfo|x64.Build.0 = RelWithDebInfo|x64
		{69345486-495C-3122-B37F-7DAE2520F72C}.Debug|x64.ActiveCfg = Debug|x64
		{69345486-495C-3122-B37F-7DAE2520F72C}.Release|x64.ActiveCfg = Release|x64
		{69345486-495C-3122-B37F-7DAE2520F72C}.MinSizeRel|x64.ActiveCfg = MinSizeRel|x64
		{69345486-495C-3122-B37F-7DAE2520F72C}.RelWithDebInfo|x64.ActiveCfg = RelWithDebInfo|x64
		{EBD26D13-E3DD-319C-8E53-894127DA5CF8}.Debug|x64.ActiveCfg = Debug|x64
		{EBD26D13-E3DD-319C-8E53-894127DA5CF8}.Debug|x64.Build.0 = Debug|x64
		{EBD26D13-E3DD-319C-8E53-894127DA5CF8}.Release|x64.ActiveCfg = Release|x64
		{EBD26D13-E3DD-319C-8E53-894127DA5CF8}.Release|x64.Build.0 = Release|x64
		{EBD26D13-E3DD-319C-8E53-894127DA5CF8}.MinSizeRel|x64.ActiveCfg = MinSizeRel|x64
		{EBD26D13-E3DD-319C-8E53-894127DA5CF8}.MinSizeRel|x64.Build.0 = MinSizeRel|x64
		{EBD26D13-E3DD-319C-8E53-894127DA5CF8}.RelWithDebInfo|x64.ActiveCfg = RelWithDebInfo|x64
		{EBD26D13-E3DD-319C-8E53-894127DA5CF8}.RelWithDebInfo|x64.Build.0 = RelWithDebInfo|x64
		{DB6462B0-B2B0-34BD-8DF7-A735DE1751E8}.Debug|x64.ActiveCfg = Debug|x64
		{DB6462B0-B2B0-34BD-8DF7-A735DE1751E8}.Debug|x64.Build.0 = Debug|x64
		{DB6462B0-B2B0-34BD-8DF7-A735DE1751E8}.Release|x64.ActiveCfg = Release|x64
		{DB6462B0-B2B0-34BD-8DF7-A735DE1751E8}.Release|x64.Build.0 = Release|x64
		{DB6462B0-B2B0-34BD-8DF7-A735DE1751E8}.MinSizeRel|x64.ActiveCfg = MinSizeRel|x64
		{DB6462B0-B2B0-34BD-8DF7-A735DE1751E8}.MinSizeRel|x64.Build.0 = MinSizeRel|x64
		{DB6462B0-B2B0-34BD-8DF7-A735DE1751E8}.RelWithDebInfo|x64.ActiveCfg = RelWithDebInfo|x64
		{DB6462B0-B2B0-34BD-8DF7-A735DE1751E8}.RelWithDebInfo|x64.Build.0 = RelWithDebInfo|x64
		{731C01FB-54EA-3748-8DE8-62C7A1C419F5}.Debug|x64.ActiveCfg = Debug|x64
		{731C01FB-54EA-3748-8DE8-62C7A1C419F5}.Debug|x64.Build.0 = Debug|x64
		{731C01FB-54EA-3748-8DE8-62C7A1C419F5}.Release|x64.ActiveCfg = Release|x64
		{731C01FB-54EA-3748-8DE8-62C7A1C419F5}.Release|x64.Build.0 = Release|x64
		{731C01FB-54EA-3748-8DE8-62C7A1C419F5}.MinSizeRel|x64.ActiveCfg = MinSizeRel|x64
		{731C01FB-54EA-3748-8DE8-62C7A1C419F5}.MinSizeRel|x64.Build.0 = MinSizeRel|x64
		{731C01FB-54EA-3748-8DE8-62C7A1C419F5}.RelWithDebInfo|x64.ActiveCfg = RelWithDebInfo|x64
		{731C01FB-54EA-3748-8DE8-62C7A1C419F5}.RelWithDebInfo|x64.Build.0 = RelWithDebInfo|x64
		{BC89FB38-0B05-3498-8AD3-3835E7690870}.Debug|x64.ActiveCfg = Debug|x64
		{BC89FB38-0B05-3498-8AD3-3835E7690870}.Debug|x64.Build.0 = Debug|x64
		{BC89FB38-0B05-3498-8AD3-3835E7690870}.Release|x64.ActiveCfg = Release|x64
		{BC89FB38-0B05-3498-8AD3-3835E7690870}.Release|x64.Build.0 = Release|x64
		{BC89FB38-0B05-3498-8AD3-3835E7690870}.MinSizeRel|x64.ActiveCfg = MinSizeRel|x64
		{BC89FB38-0B05-3498-8AD3-3835E7690870}.MinSizeRel|x64.Build.0 = MinSizeRel|x64
		{BC89FB38-0B05-3498-8AD3-3835E7690870}.RelWithDebInfo|x64.ActiveCfg = RelWithDebInfo|x64
		{BC89FB38-0B05-3498-8AD3-3835E7690870}.RelWithDebInfo|x64.Build.0 = RelWithDebInfo|x64
		{5FCC8312-722E-35DE-AE58-9473D1039529}.Debug|x64.ActiveCfg = Debug|x64
		{5FCC8312-722E-35DE-AE58-9473D1039529}.Debug|x64.Build.0 = Debug|x64
		{5FCC8312-722E-35DE-AE58-9473D1039529}.Release|x64.ActiveCfg = Release|x64
		{5FCC8312-722E-35DE-AE58-9473D1039529}.Release|x64.Build.0 = Release|x64
		{5FCC8312-722E-35DE-AE58-9473D1039529}.MinSizeRel|x64.ActiveCfg = MinSizeRel|x64
		{5FCC8312-722E-35DE-AE58-9473D1039529}.MinSizeRel|x64.Build.0 = MinSizeRel|x64
		{5FCC8312-722E-35DE-AE58-9473D1039529}.RelWithDebInfo|x64.ActiveCfg = RelWithDebInfo|x64
		{5FCC8312-722E-35DE-AE58-9473D1039529}.RelWithDebInfo|x64.Build.0 = RelWithDebInfo|x64
		{5507DE4F-4E8F-32AF-AE0A-778959E973C8}.Debug|x64.ActiveCfg = Debug|x64
		{5507DE4F-4E8F-32AF-AE0A-778959E973C8}.Debug|x64.Build.0 = Debug|x64
		{5507DE4F-4E8F-32AF-AE0A-778959E973C8}.Release|x64.ActiveCfg = Release|x64
		{5507DE4F-4E8F-32AF-AE0A-778959E973C8}.Release|x64.Build.0 = Release|x64
		{5507DE4F-4E8F-32AF-AE0A-778959E973C8}.MinSizeRel|x64.ActiveCfg = MinSizeRel|x64
		{5507DE4F-4E8F-32AF-AE0A-778959E973C8}.MinSizeRel|x64.Build.0 = MinSizeRel|x64
		{5507DE4F-4E8F-32AF-AE0A-778959E973C8}.RelWithDebInfo|x64.ActiveCfg = RelWithDebInfo|x64
		{5507DE4F-4E8F-32AF-AE0A-778959E973C8}.RelWithDebInfo|x64.Build.0 = RelWithDebInfo|x64
		{A4AA32DB-4060-3CF5-9459-F946CBD6A000}.Debug|x64.ActiveCfg = Debug|x64
		{A4AA32DB-4060-3CF5-9459-F946CBD6A000}.Debug|x64.Build.0 = Debug|x64
		{A4AA32DB-4060-3CF5-9459-F946CBD6A000}.Release|x64.ActiveCfg = Release|x64
		{A4AA32DB-4060-3CF5-9459-F946CBD6A000}.Release|x64.Build.0 = Release|x64
		{A4AA32DB-4060-3CF5-9459-F946CBD6A000}.MinSizeRel|x64.ActiveCfg = MinSizeRel|x64
		{A4AA32DB-4060-3CF5-9459-F946CBD6A000}.MinSizeRel|x64.Build.0 = MinSizeRel|x64
		{A4AA32DB-4060-3CF5-9459-F946CBD6A000}.RelWithDebInfo|x64.ActiveCfg = RelWithDebInfo|x64
		{A4AA32DB-4060-3CF5-9459-F946CBD6A000}.RelWithDebInfo|x64.Build.0 = RelWithDebInfo|x64
	EndGlobalSection
	GlobalSection(NestedProjects) = preSolution
		{3B2C4443-C96E-3860-A729-F58326FE0535} = {1A533682-E53F-32E2-86D4-844705DA35BC}
		{69345486-495C-3122-B37F-7DAE2520F72C} = {1A533682-E53F-32E2-86D4-844705DA35BC}
		{EBD26D13-E3DD-319C-8E53-894127DA5CF8} = {1A533682-E53F-32E2-86D4-844705DA35BC}
		{DB6462B0-B2B0-34BD-8DF7-A735DE1751E8} = {FAFE2F0C-3541-3554-8DF2-89DDA0ED0103}
		{731C01FB-54EA-3748-8DE8-62C7A1C419F5} = {FAFE2F0C-3541-3554-8DF2-89DDA0ED0103}
		{BC89FB38-0B05-3498-8AD3-3835E7690870} = {FAFE2F0C-3541-3554-8DF2-89DDA0ED0103}
		{5FCC8312-722E-35DE-AE58-9473D1039529} = {FAFE2F0C-3541-3554-8DF2-89DDA0ED0103}
		{5507DE4F-4E8F-32AF-AE0A-778959E973C8} = {FAFE2F0C-3541-3554-8DF2-89DDA0ED0103}
		{A4AA32DB-4060-3CF5-9459-F946CBD6A000} = {FAFE2F0C-3541-3554-8DF2-89DDA0ED0103}
	EndGlobalSection
	GlobalSection(ExtensibilityGlobals) = postSolution
		SolutionGuid = {FE183C46-3167-33E3-8B12-0385B1F9F012}
	EndGlobalSection
	GlobalSection(ExtensibilityAddIns) = postSolution
	EndGlobalSection
EndGlobal
