Microsoft Visual Studio Solution File, Format Version 12.00
# Visual Studio 15
Project("{8BC9CEB8-8B4A-11D0-8D11-00A0C91BC942}") = "ALL_BUILD", "ALL_BUILD.vcxproj", "{C0BCAB06-AD38-3EBF-A8AF-DAD326FABBF5}"
	ProjectSection(ProjectDependencies) = postProject
		{D407F7B8-0E12-370F-B053-E59FE9A299CA} = {D407F7B8-0E12-370F-B053-E59FE9A299CA}
		{C6A4C1AD-F09A-34A5-A4E4-D6719C6AEAB4} = {C6A4C1AD-F09A-34A5-A4E4-D6719C6AEAB4}
	EndProjectSection
EndProject
Project("{8BC9CEB8-8B4A-11D0-8D11-00A0C91BC942}") = "SFML-download", "SFML-download.vcxproj", "{D407F7B8-0E12-370F-B053-E59FE9A299CA}"
	ProjectSection(ProjectDependencies) = postProject
		{C6A4C1AD-F09A-34A5-A4E4-D6719C6AEAB4} = {C6A4C1AD-F09A-34A5-A4E4-D6719C6AEAB4}
	EndProjectSection
EndProject
Project("{8BC9CEB8-8B4A-11D0-8D11-00A0C91BC942}") = "ZERO_CHECK", "ZERO_CHECK.vcxproj", "{C6A4C1AD-F09A-34A5-A4E4-D6719C6AEAB4}"
	ProjectSection(ProjectDependencies) = postProject
	EndProjectSection
EndProject
Global
	GlobalSection(SolutionConfigurationPlatforms) = preSolution
		Debug|x64 = Debug|x64
		Release|x64 = Release|x64
		MinSizeRel|x64 = MinSizeRel|x64
		RelWithDebInfo|x64 = RelWithDebInfo|x64
	EndGlobalSection
	GlobalSection(ProjectConfigurationPlatforms) = postSolution
		{C0BCAB06-AD38-3EBF-A8AF-DAD326FABBF5}.Debug|x64.ActiveCfg = Debug|x64
		{C0BCAB06-AD38-3EBF-A8AF-DAD326FABBF5}.Release|x64.ActiveCfg = Release|x64
		{C0BCAB06-AD38-3EBF-A8AF-DAD326FABBF5}.MinSizeRel|x64.ActiveCfg = MinSizeRel|x64
		{C0BCAB06-AD38-3EBF-A8AF-DAD326FABBF5}.RelWithDebInfo|x64.ActiveCfg = RelWithDebInfo|x64
		{D407F7B8-0E12-370F-B053-E59FE9A299CA}.Debug|x64.ActiveCfg = Debug|x64
		{D407F7B8-0E12-370F-B053-E59FE9A299CA}.Debug|x64.Build.0 = Debug|x64
		{D407F7B8-0E12-370F-B053-E59FE9A299CA}.Release|x64.ActiveCfg = Release|x64
		{D407F7B8-0E12-370F-B053-E59FE9A299CA}.Release|x64.Build.0 = Release|x64
		{D407F7B8-0E12-370F-B053-E59FE9A299CA}.MinSizeRel|x64.ActiveCfg = MinSizeRel|x64
		{D407F7B8-0E12-370F-B053-E59FE9A299CA}.MinSizeRel|x64.Build.0 = MinSizeRel|x64
		{D407F7B8-0E12-370F-B053-E59FE9A299CA}.RelWithDebInfo|x64.ActiveCfg = RelWithDebInfo|x64
		{D407F7B8-0E12-370F-B053-E59FE9A299CA}.RelWithDebInfo|x64.Build.0 = RelWithDebInfo|x64
		{C6A4C1AD-F09A-34A5-A4E4-D6719C6AEAB4}.Debug|x64.ActiveCfg = Debug|x64
		{C6A4C1AD-F09A-34A5-A4E4-D6719C6AEAB4}.Debug|x64.Build.0 = Debug|x64
		{C6A4C1AD-F09A-34A5-A4E4-D6719C6AEAB4}.Release|x64.ActiveCfg = Release|x64
		{C6A4C1AD-F09A-34A5-A4E4-D6719C6AEAB4}.Release|x64.Build.0 = Release|x64
		{C6A4C1AD-F09A-34A5-A4E4-D6719C6AEAB4}.MinSizeRel|x64.ActiveCfg = MinSizeRel|x64
		{C6A4C1AD-F09A-34A5-A4E4-D6719C6AEAB4}.MinSizeRel|x64.Build.0 = MinSizeRel|x64
		{C6A4C1AD-F09A-34A5-A4E4-D6719C6AEAB4}.RelWithDebInfo|x64.ActiveCfg = RelWithDebInfo|x64
		{C6A4C1AD-F09A-34A5-A4E4-D6719C6AEAB4}.RelWithDebInfo|x64.Build.0 = RelWithDebInfo|x64
	EndGlobalSection
	GlobalSection(ExtensibilityGlobals) = postSolution
		SolutionGuid = {D086C2C5-DB27-3BD6-9BDA-FDF87B948250}
	EndGlobalSection
	GlobalSection(ExtensibilityAddIns) = postSolution
	EndGlobalSection
EndGlobal
