<?xml version="1.0" encoding="UTF-8"?>
<Project ToolsVersion="15.0" xmlns="http://schemas.microsoft.com/developer/msbuild/2003">
  <ItemGroup>
    <CustomBuild Include="C:\Users\40168766\Desktop\Astral_Insanity-master\Astral_Insanity-master\Advanced-Games-Engineering\SFML-download\CMakeFiles\4e607d9f68700ae0af29adae2b50b871\generate.stamp.rule">
      <Filter>CMake Rules</Filter>
    </CustomBuild>
  </ItemGroup>
  <ItemGroup>
    <Filter Include="CMake Rules">
      <UniqueIdentifier>{ECF0D7D3-42CA-3D0B-BB98-D4CC44E46A78}</UniqueIdentifier>
    </Filter>
  </ItemGroup>
</Project>
